
Microsoft Visual Studio Solution File, Format Version 10.00
# Visual C++ Express 2008
Project("{8BC9CEB8-8B4A-11D0-8D11-00A0C91BC942}") = "LingosHookApp", "LingosHookApp\LingosHookApp.vcproj", "{F8F1F769-DE72-4747-9690-9F594B9983BC}"
	ProjectSection(ProjectDependencies) = postProject
		{144B3C27-0DB8-4DB2-A3F3-E005A5E57097} = {144B3C27-0DB8-4DB2-A3F3-E005A5E57097}
		{5FFFA763-C78B-4FA4-A4BC-7BCD56ECA093} = {5FFFA763-C78B-4FA4-A4BC-7BCD56ECA093}
		{7E16A598-F9DB-46BB-968D-516430798E86} = {7E16A598-F9DB-46BB-968D-516430798E86}
	EndProjectSection
EndProject
Project("{8BC9CEB8-8B4A-11D0-8D11-00A0C91BC942}") = "HtmlTest", "HtmlTest\HtmlTest.vcproj", "{1ECCC9E6-3B4D-4A97-B7A1-DA60A851DE4D}"
EndProject
Project("{8BC9CEB8-8B4A-11D0-8D11-00A0C91BC942}") = "LHSpeak", "LHSpeak\LHSpeak.vcproj", "{144B3C27-0DB8-4DB2-A3F3-E005A5E57097}"
EndProject
Project("{8BC9CEB8-8B4A-11D0-8D11-00A0C91BC942}") = "LingosHook", "LingosHook\LingosHook.vcproj", "{5FFFA763-C78B-4FA4-A4BC-7BCD56ECA093}"
EndProject
Project("{8BC9CEB8-8B4A-11D0-8D11-00A0C91BC942}") = "tidylib", "Tidy\tidylib\tidylib.vcproj", "{7E16A598-F9DB-46BB-968D-516430798E86}"
EndProject
Project("{8BC9CEB8-8B4A-11D0-8D11-00A0C91BC942}") = "P_WordExport", "Plugins\P_WordExport\P_WordExport.vcproj", "{7D7CF6AA-2FA7-409F-9C6D-C244547F5D78}"
EndProject
Project("{8BC9CEB8-8B4A-11D0-8D11-00A0C91BC942}") = "Test_Plugins", "Plugins\Test_Plugins\Test_Plugins.vcproj", "{576AB589-A647-49C5-A639-57D7920566AC}"
	ProjectSection(ProjectDependencies) = postProject
		{7D7CF6AA-2FA7-409F-9C6D-C244547F5D78} = {7D7CF6AA-2FA7-409F-9C6D-C244547F5D78}
	EndProjectSection
EndProject
Project("{8BC9CEB8-8B4A-11D0-8D11-00A0C91BC942}") = "P_ForDonator", "Plugins\P_ForDonator\P_ForDonator.vcproj", "{B5AD8F26-A7FD-4094-A4FC-799AA48E81E6}"
EndProject
Project("{8BC9CEB8-8B4A-11D0-8D11-00A0C91BC942}") = "DonatorXMLGenerator", "Plugins\P_ForDonator\DonatorXMLGenerator\DonatorXMLGenerator.vcproj", "{E11C2A34-4520-469C-9865-FE7977524218}"
EndProject
Global
	GlobalSection(SolutionConfigurationPlatforms) = preSolution
		Debug|Win32 = Debug|Win32
		Release - dll (fast)|Win32 = Release - dll (fast)|Win32
		Release - dll|Win32 = Release - dll|Win32
		Release (fast)|Win32 = Release (fast)|Win32
		Release|Win32 = Release|Win32
	EndGlobalSection
	GlobalSection(ProjectConfigurationPlatforms) = postSolution
		{F8F1F769-DE72-4747-9690-9F594B9983BC}.Debug|Win32.ActiveCfg = Debug|Win32
		{F8F1F769-DE72-4747-9690-9F594B9983BC}.Debug|Win32.Build.0 = Debug|Win32
		{F8F1F769-DE72-4747-9690-9F594B9983BC}.Release - dll (fast)|Win32.ActiveCfg = Release|Win32
		{F8F1F769-DE72-4747-9690-9F594B9983BC}.Release - dll (fast)|Win32.Build.0 = Release|Win32
		{F8F1F769-DE72-4747-9690-9F594B9983BC}.Release - dll|Win32.ActiveCfg = Release|Win32
		{F8F1F769-DE72-4747-9690-9F594B9983BC}.Release - dll|Win32.Build.0 = Release|Win32
		{F8F1F769-DE72-4747-9690-9F594B9983BC}.Release (fast)|Win32.ActiveCfg = Release|Win32
		{F8F1F769-DE72-4747-9690-9F594B9983BC}.Release (fast)|Win32.Build.0 = Release|Win32
		{F8F1F769-DE72-4747-9690-9F594B9983BC}.Release|Win32.ActiveCfg = Release|Win32
		{F8F1F769-DE72-4747-9690-9F594B9983BC}.Release|Win32.Build.0 = Release|Win32
		{1ECCC9E6-3B4D-4A97-B7A1-DA60A851DE4D}.Debug|Win32.ActiveCfg = Debug|Win32
		{1ECCC9E6-3B4D-4A97-B7A1-DA60A851DE4D}.Debug|Win32.Build.0 = Debug|Win32
		{1ECCC9E6-3B4D-4A97-B7A1-DA60A851DE4D}.Release - dll (fast)|Win32.ActiveCfg = Release|Win32
		{1ECCC9E6-3B4D-4A97-B7A1-DA60A851DE4D}.Release - dll (fast)|Win32.Build.0 = Release|Win32
		{1ECCC9E6-3B4D-4A97-B7A1-DA60A851DE4D}.Release - dll|Win32.ActiveCfg = Release|Win32
		{1ECCC9E6-3B4D-4A97-B7A1-DA60A851DE4D}.Release - dll|Win32.Build.0 = Release|Win32
		{1ECCC9E6-3B4D-4A97-B7A1-DA60A851DE4D}.Release (fast)|Win32.ActiveCfg = Release|Win32
		{1ECCC9E6-3B4D-4A97-B7A1-DA60A851DE4D}.Release (fast)|Win32.Build.0 = Release|Win32
		{1ECCC9E6-3B4D-4A97-B7A1-DA60A851DE4D}.Release|Win32.ActiveCfg = Release|Win32
		{1ECCC9E6-3B4D-4A97-B7A1-DA60A851DE4D}.Release|Win32.Build.0 = Release|Win32
		{144B3C27-0DB8-4DB2-A3F3-E005A5E57097}.Debug|Win32.ActiveCfg = Debug|Win32
		{144B3C27-0DB8-4DB2-A3F3-E005A5E57097}.Debug|Win32.Build.0 = Debug|Win32
		{144B3C27-0DB8-4DB2-A3F3-E005A5E57097}.Release - dll (fast)|Win32.ActiveCfg = Release|Win32
		{144B3C27-0DB8-4DB2-A3F3-E005A5E57097}.Release - dll (fast)|Win32.Build.0 = Release|Win32
		{144B3C27-0DB8-4DB2-A3F3-E005A5E57097}.Release - dll|Win32.ActiveCfg = Release|Win32
		{144B3C27-0DB8-4DB2-A3F3-E005A5E57097}.Release - dll|Win32.Build.0 = Release|Win32
		{144B3C27-0DB8-4DB2-A3F3-E005A5E57097}.Release (fast)|Win32.ActiveCfg = Release|Win32
		{144B3C27-0DB8-4DB2-A3F3-E005A5E57097}.Release (fast)|Win32.Build.0 = Release|Win32
		{144B3C27-0DB8-4DB2-A3F3-E005A5E57097}.Release|Win32.ActiveCfg = Release|Win32
		{144B3C27-0DB8-4DB2-A3F3-E005A5E57097}.Release|Win32.Build.0 = Release|Win32
		{5FFFA763-C78B-4FA4-A4BC-7BCD56ECA093}.Debug|Win32.ActiveCfg = Debug|Win32
		{5FFFA763-C78B-4FA4-A4BC-7BCD56ECA093}.Debug|Win32.Build.0 = Debug|Win32
		{5FFFA763-C78B-4FA4-A4BC-7BCD56ECA093}.Release - dll (fast)|Win32.ActiveCfg = Release|Win32
		{5FFFA763-C78B-4FA4-A4BC-7BCD56ECA093}.Release - dll (fast)|Win32.Build.0 = Release|Win32
		{5FFFA763-C78B-4FA4-A4BC-7BCD56ECA093}.Release - dll|Win32.ActiveCfg = Release|Win32
		{5FFFA763-C78B-4FA4-A4BC-7BCD56ECA093}.Release - dll|Win32.Build.0 = Release|Win32
		{5FFFA763-C78B-4FA4-A4BC-7BCD56ECA093}.Release (fast)|Win32.ActiveCfg = Release|Win32
		{5FFFA763-C78B-4FA4-A4BC-7BCD56ECA093}.Release (fast)|Win32.Build.0 = Release|Win32
		{5FFFA763-C78B-4FA4-A4BC-7BCD56ECA093}.Release|Win32.ActiveCfg = Release|Win32
		{5FFFA763-C78B-4FA4-A4BC-7BCD56ECA093}.Release|Win32.Build.0 = Release|Win32
		{7E16A598-F9DB-46BB-968D-516430798E86}.Debug|Win32.ActiveCfg = Release - dll (fast)|Win32
		{7E16A598-F9DB-46BB-968D-516430798E86}.Debug|Win32.Build.0 = Release - dll (fast)|Win32
		{7E16A598-F9DB-46BB-968D-516430798E86}.Release - dll (fast)|Win32.ActiveCfg = Release - dll (fast)|Win32
		{7E16A598-F9DB-46BB-968D-516430798E86}.Release - dll (fast)|Win32.Build.0 = Release - dll (fast)|Win32
		{7E16A598-F9DB-46BB-968D-516430798E86}.Release - dll|Win32.ActiveCfg = Release - dll|Win32
		{7E16A598-F9DB-46BB-968D-516430798E86}.Release - dll|Win32.Build.0 = Release - dll|Win32
		{7E16A598-F9DB-46BB-968D-516430798E86}.Release (fast)|Win32.ActiveCfg = Release (fast)|Win32
		{7E16A598-F9DB-46BB-968D-516430798E86}.Release (fast)|Win32.Build.0 = Release (fast)|Win32
		{7E16A598-F9DB-46BB-968D-516430798E86}.Release|Win32.ActiveCfg = Release - dll (fast)|Win32
		{7E16A598-F9DB-46BB-968D-516430798E86}.Release|Win32.Build.0 = Release - dll (fast)|Win32
		{7D7CF6AA-2FA7-409F-9C6D-C244547F5D78}.Debug|Win32.ActiveCfg = Debug|Win32
		{7D7CF6AA-2FA7-409F-9C6D-C244547F5D78}.Debug|Win32.Build.0 = Debug|Win32
		{7D7CF6AA-2FA7-409F-9C6D-C244547F5D78}.Release - dll (fast)|Win32.ActiveCfg = Release|Win32
		{7D7CF6AA-2FA7-409F-9C6D-C244547F5D78}.Release - dll (fast)|Win32.Build.0 = Release|Win32
		{7D7CF6AA-2FA7-409F-9C6D-C244547F5D78}.Release - dll|Win32.ActiveCfg = Release|Win32
		{7D7CF6AA-2FA7-409F-9C6D-C244547F5D78}.Release - dll|Win32.Build.0 = Release|Win32
		{7D7CF6AA-2FA7-409F-9C6D-C244547F5D78}.Release (fast)|Win32.ActiveCfg = Release|Win32
		{7D7CF6AA-2FA7-409F-9C6D-C244547F5D78}.Release (fast)|Win32.Build.0 = Release|Win32
		{7D7CF6AA-2FA7-409F-9C6D-C244547F5D78}.Release|Win32.ActiveCfg = Release|Win32
		{7D7CF6AA-2FA7-409F-9C6D-C244547F5D78}.Release|Win32.Build.0 = Release|Win32
		{576AB589-A647-49C5-A639-57D7920566AC}.Debug|Win32.ActiveCfg = Debug|Win32
		{576AB589-A647-49C5-A639-57D7920566AC}.Debug|Win32.Build.0 = Debug|Win32
		{576AB589-A647-49C5-A639-57D7920566AC}.Release - dll (fast)|Win32.ActiveCfg = Release|Win32
		{576AB589-A647-49C5-A639-57D7920566AC}.Release - dll (fast)|Win32.Build.0 = Release|Win32
		{576AB589-A647-49C5-A639-57D7920566AC}.Release - dll|Win32.ActiveCfg = Release|Win32
		{576AB589-A647-49C5-A639-57D7920566AC}.Release - dll|Win32.Build.0 = Release|Win32
		{576AB589-A647-49C5-A639-57D7920566AC}.Release (fast)|Win32.ActiveCfg = Release|Win32
		{576AB589-A647-49C5-A639-57D7920566AC}.Release (fast)|Win32.Build.0 = Release|Win32
		{576AB589-A647-49C5-A639-57D7920566AC}.Release|Win32.ActiveCfg = Release|Win32
		{576AB589-A647-49C5-A639-57D7920566AC}.Release|Win32.Build.0 = Release|Win32
		{B5AD8F26-A7FD-4094-A4FC-799AA48E81E6}.Debug|Win32.ActiveCfg = Debug|Win32
		{B5AD8F26-A7FD-4094-A4FC-799AA48E81E6}.Debug|Win32.Build.0 = Debug|Win32
		{B5AD8F26-A7FD-4094-A4FC-799AA48E81E6}.Release - dll (fast)|Win32.ActiveCfg = Release|Win32
		{B5AD8F26-A7FD-4094-A4FC-799AA48E81E6}.Release - dll (fast)|Win32.Build.0 = Release|Win32
		{B5AD8F26-A7FD-4094-A4FC-799AA48E81E6}.Release - dll|Win32.ActiveCfg = Release|Win32
		{B5AD8F26-A7FD-4094-A4FC-799AA48E81E6}.Release - dll|Win32.Build.0 = Release|Win32
		{B5AD8F26-A7FD-4094-A4FC-799AA48E81E6}.Release (fast)|Win32.ActiveCfg = Release|Win32
		{B5AD8F26-A7FD-4094-A4FC-799AA48E81E6}.Release (fast)|Win32.Build.0 = Release|Win32
		{B5AD8F26-A7FD-4094-A4FC-799AA48E81E6}.Release|Win32.ActiveCfg = Release|Win32
		{B5AD8F26-A7FD-4094-A4FC-799AA48E81E6}.Release|Win32.Build.0 = Release|Win32
		{E11C2A34-4520-469C-9865-FE7977524218}.Debug|Win32.ActiveCfg = Debug|Win32
		{E11C2A34-4520-469C-9865-FE7977524218}.Debug|Win32.Build.0 = Debug|Win32
		{E11C2A34-4520-469C-9865-FE7977524218}.Release - dll (fast)|Win32.ActiveCfg = Release|Win32
		{E11C2A34-4520-469C-9865-FE7977524218}.Release - dll (fast)|Win32.Build.0 = Release|Win32
		{E11C2A34-4520-469C-9865-FE7977524218}.Release - dll|Win32.ActiveCfg = Release|Win32
		{E11C2A34-4520-469C-9865-FE7977524218}.Release - dll|Win32.Build.0 = Release|Win32
		{E11C2A34-4520-469C-9865-FE7977524218}.Release (fast)|Win32.ActiveCfg = Release|Win32
		{E11C2A34-4520-469C-9865-FE7977524218}.Release (fast)|Win32.Build.0 = Release|Win32
		{E11C2A34-4520-469C-9865-FE7977524218}.Release|Win32.ActiveCfg = Release|Win32
		{E11C2A34-4520-469C-9865-FE7977524218}.Release|Win32.Build.0 = Release|Win32
	EndGlobalSection
	GlobalSection(SolutionProperties) = preSolution
		HideSolutionNode = FALSE
	EndGlobalSection
EndGlobal
