
Microsoft Visual Studio Solution File, Format Version 10.00
# Visual C++ Express 2008
Project("{8BC9CEB8-8B4A-11D0-8D11-00A0C91BC942}") = "wxIE", "wxIE.vcproj", "{ED3177ED-F48C-40D0-9EA2-053F8C96DE85}"
EndProject
Global
	GlobalSection(SolutionConfigurationPlatforms) = preSolution
		Debug|Win32 = Debug|Win32
		Release|Win32 = Release|Win32
		Unicode Debug|Win32 = Unicode Debug|Win32
		Unicode Release|Win32 = Unicode Release|Win32
	EndGlobalSection
	GlobalSection(ProjectConfigurationPlatforms) = postSolution
		{ED3177ED-F48C-40D0-9EA2-053F8C96DE85}.Debug|Win32.ActiveCfg = Debug|Win32
		{ED3177ED-F48C-40D0-9EA2-053F8C96DE85}.Debug|Win32.Build.0 = Debug|Win32
		{ED3177ED-F48C-40D0-9EA2-053F8C96DE85}.Release|Win32.ActiveCfg = Release|Win32
		{ED3177ED-F48C-40D0-9EA2-053F8C96DE85}.Release|Win32.Build.0 = Release|Win32
		{ED3177ED-F48C-40D0-9EA2-053F8C96DE85}.Unicode Debug|Win32.ActiveCfg = Unicode Debug|Win32
		{ED3177ED-F48C-40D0-9EA2-053F8C96DE85}.Unicode Debug|Win32.Build.0 = Unicode Debug|Win32
		{ED3177ED-F48C-40D0-9EA2-053F8C96DE85}.Unicode Release|Win32.ActiveCfg = Unicode Release|Win32
		{ED3177ED-F48C-40D0-9EA2-053F8C96DE85}.Unicode Release|Win32.Build.0 = Unicode Release|Win32
	EndGlobalSection
	GlobalSection(SolutionProperties) = preSolution
		HideSolutionNode = FALSE
	EndGlobalSection
EndGlobal
